
Microsoft Visual Studio Solution File, Format Version 12.00
# Visual Studio 14
VisualStudioVersion = 14.0.25420.1
MinimumVisualStudioVersion = 10.0.40219.1
Project("{FAE04EC0-301F-11D3-BF4B-00C04F79EFBC}") = "WindowsInterface", "WindowsInterface\WindowsInterface.csproj", "{3F8DE7A9-4224-4044-BE47-DC441A7C1835}"
EndProject
Project("{FAE04EC0-301F-11D3-BF4B-00C04F79EFBC}") = "CoreDataModels", "CoreDataModels\CoreDataModels.csproj", "{F70E8132-51E7-4984-9314-AC51D5934224}"
EndProject
Project("{FAE04EC0-301F-11D3-BF4B-00C04F79EFBC}") = "DataAccess", "DataAccess\DataAccess.csproj", "{4A053504-E9A1-4BE9-A853-5B20F5801089}"
EndProject
Project("{2150E333-8FDC-42A3-9474-1A3956D46DE8}") = "Test", "Test", "{06A08976-6A57-4820-9B2D-567B6DB78A33}"
EndProject
Project("{FAE04EC0-301F-11D3-BF4B-00C04F79EFBC}") = "DataAccessTest", "DataAccessTest\DataAccessTest.csproj", "{A9CAB3F0-9CD1-48A6-A763-FA9F07421729}"
EndProject
Project("{FAE04EC0-301F-11D3-BF4B-00C04F79EFBC}") = "DataManager", "DataManager\DataManager.csproj", "{292F1BE7-4B29-450E-A0A1-7782939D19A9}"
EndProject
Global
	GlobalSection(SolutionConfigurationPlatforms) = preSolution
		Debug|Any CPU = Debug|Any CPU
		Debug|ARM = Debug|ARM
		Debug|x64 = Debug|x64
		Debug|x86 = Debug|x86
		Release|Any CPU = Release|Any CPU
		Release|ARM = Release|ARM
		Release|x64 = Release|x64
		Release|x86 = Release|x86
	EndGlobalSection
	GlobalSection(ProjectConfigurationPlatforms) = postSolution
		{3F8DE7A9-4224-4044-BE47-DC441A7C1835}.Debug|Any CPU.ActiveCfg = Debug|x86
		{3F8DE7A9-4224-4044-BE47-DC441A7C1835}.Debug|ARM.ActiveCfg = Debug|ARM
		{3F8DE7A9-4224-4044-BE47-DC441A7C1835}.Debug|ARM.Build.0 = Debug|ARM
		{3F8DE7A9-4224-4044-BE47-DC441A7C1835}.Debug|ARM.Deploy.0 = Debug|ARM
		{3F8DE7A9-4224-4044-BE47-DC441A7C1835}.Debug|x64.ActiveCfg = Debug|x64
		{3F8DE7A9-4224-4044-BE47-DC441A7C1835}.Debug|x64.Build.0 = Debug|x64
		{3F8DE7A9-4224-4044-BE47-DC441A7C1835}.Debug|x64.Deploy.0 = Debug|x64
		{3F8DE7A9-4224-4044-BE47-DC441A7C1835}.Debug|x86.ActiveCfg = Debug|x86
		{3F8DE7A9-4224-4044-BE47-DC441A7C1835}.Debug|x86.Build.0 = Debug|x86
		{3F8DE7A9-4224-4044-BE47-DC441A7C1835}.Debug|x86.Deploy.0 = Debug|x86
		{3F8DE7A9-4224-4044-BE47-DC441A7C1835}.Release|Any CPU.ActiveCfg = Release|x86
		{3F8DE7A9-4224-4044-BE47-DC441A7C1835}.Release|ARM.ActiveCfg = Release|ARM
		{3F8DE7A9-4224-4044-BE47-DC441A7C1835}.Release|ARM.Build.0 = Release|ARM
		{3F8DE7A9-4224-4044-BE47-DC441A7C1835}.Release|ARM.Deploy.0 = Release|ARM
		{3F8DE7A9-4224-4044-BE47-DC441A7C1835}.Release|x64.ActiveCfg = Release|x64
		{3F8DE7A9-4224-4044-BE47-DC441A7C1835}.Release|x64.Build.0 = Release|x64
		{3F8DE7A9-4224-4044-BE47-DC441A7C1835}.Release|x64.Deploy.0 = Release|x64
		{3F8DE7A9-4224-4044-BE47-DC441A7C1835}.Release|x86.ActiveCfg = Release|x86
		{3F8DE7A9-4224-4044-BE47-DC441A7C1835}.Release|x86.Build.0 = Release|x86
		{3F8DE7A9-4224-4044-BE47-DC441A7C1835}.Release|x86.Deploy.0 = Release|x86
		{F70E8132-51E7-4984-9314-AC51D5934224}.Debug|Any CPU.ActiveCfg = Debug|Any CPU
		{F70E8132-51E7-4984-9314-AC51D5934224}.Debug|Any CPU.Build.0 = Debug|Any CPU
		{F70E8132-51E7-4984-9314-AC51D5934224}.Debug|ARM.ActiveCfg = Debug|ARM
		{F70E8132-51E7-4984-9314-AC51D5934224}.Debug|ARM.Build.0 = Debug|ARM
		{F70E8132-51E7-4984-9314-AC51D5934224}.Debug|x64.ActiveCfg = Debug|x64
		{F70E8132-51E7-4984-9314-AC51D5934224}.Debug|x64.Build.0 = Debug|x64
		{F70E8132-51E7-4984-9314-AC51D5934224}.Debug|x86.ActiveCfg = Debug|x86
		{F70E8132-51E7-4984-9314-AC51D5934224}.Debug|x86.Build.0 = Debug|x86
		{F70E8132-51E7-4984-9314-AC51D5934224}.Release|Any CPU.ActiveCfg = Release|Any CPU
		{F70E8132-51E7-4984-9314-AC51D5934224}.Release|Any CPU.Build.0 = Release|Any CPU
		{F70E8132-51E7-4984-9314-AC51D5934224}.Release|ARM.ActiveCfg = Release|ARM
		{F70E8132-51E7-4984-9314-AC51D5934224}.Release|ARM.Build.0 = Release|ARM
		{F70E8132-51E7-4984-9314-AC51D5934224}.Release|x64.ActiveCfg = Release|x64
		{F70E8132-51E7-4984-9314-AC51D5934224}.Release|x64.Build.0 = Release|x64
		{F70E8132-51E7-4984-9314-AC51D5934224}.Release|x86.ActiveCfg = Release|x86
		{F70E8132-51E7-4984-9314-AC51D5934224}.Release|x86.Build.0 = Release|x86
		{4A053504-E9A1-4BE9-A853-5B20F5801089}.Debug|Any CPU.ActiveCfg = Debug|Any CPU
		{4A053504-E9A1-4BE9-A853-5B20F5801089}.Debug|Any CPU.Build.0 = Debug|Any CPU
		{4A053504-E9A1-4BE9-A853-5B20F5801089}.Debug|ARM.ActiveCfg = Debug|ARM
		{4A053504-E9A1-4BE9-A853-5B20F5801089}.Debug|ARM.Build.0 = Debug|ARM
		{4A053504-E9A1-4BE9-A853-5B20F5801089}.Debug|x64.ActiveCfg = Debug|x64
		{4A053504-E9A1-4BE9-A853-5B20F5801089}.Debug|x64.Build.0 = Debug|x64
		{4A053504-E9A1-4BE9-A853-5B20F5801089}.Debug|x86.ActiveCfg = Debug|x86
		{4A053504-E9A1-4BE9-A853-5B20F5801089}.Debug|x86.Build.0 = Debug|x86
		{4A053504-E9A1-4BE9-A853-5B20F5801089}.Release|Any CPU.ActiveCfg = Release|Any CPU
		{4A053504-E9A1-4BE9-A853-5B20F5801089}.Release|Any CPU.Build.0 = Release|Any CPU
		{4A053504-E9A1-4BE9-A853-5B20F5801089}.Release|ARM.ActiveCfg = Release|ARM
		{4A053504-E9A1-4BE9-A853-5B20F5801089}.Release|ARM.Build.0 = Release|ARM
		{4A053504-E9A1-4BE9-A853-5B20F5801089}.Release|x64.ActiveCfg = Release|x64
		{4A053504-E9A1-4BE9-A853-5B20F5801089}.Release|x64.Build.0 = Release|x64
		{4A053504-E9A1-4BE9-A853-5B20F5801089}.Release|x86.ActiveCfg = Release|x86
		{4A053504-E9A1-4BE9-A853-5B20F5801089}.Release|x86.Build.0 = Release|x86
		{A9CAB3F0-9CD1-48A6-A763-FA9F07421729}.Debug|Any CPU.ActiveCfg = Debug|x86
		{A9CAB3F0-9CD1-48A6-A763-FA9F07421729}.Debug|ARM.ActiveCfg = Debug|ARM
		{A9CAB3F0-9CD1-48A6-A763-FA9F07421729}.Debug|ARM.Build.0 = Debug|ARM
		{A9CAB3F0-9CD1-48A6-A763-FA9F07421729}.Debug|ARM.Deploy.0 = Debug|ARM
		{A9CAB3F0-9CD1-48A6-A763-FA9F07421729}.Debug|x64.ActiveCfg = Debug|x64
		{A9CAB3F0-9CD1-48A6-A763-FA9F07421729}.Debug|x64.Build.0 = Debug|x64
		{A9CAB3F0-9CD1-48A6-A763-FA9F07421729}.Debug|x64.Deploy.0 = Debug|x64
		{A9CAB3F0-9CD1-48A6-A763-FA9F07421729}.Debug|x86.ActiveCfg = Debug|x86
		{A9CAB3F0-9CD1-48A6-A763-FA9F07421729}.Debug|x86.Build.0 = Debug|x86
		{A9CAB3F0-9CD1-48A6-A763-FA9F07421729}.Debug|x86.Deploy.0 = Debug|x86
		{A9CAB3F0-9CD1-48A6-A763-FA9F07421729}.Release|Any CPU.ActiveCfg = Release|x86
		{A9CAB3F0-9CD1-48A6-A763-FA9F07421729}.Release|ARM.ActiveCfg = Release|ARM
		{A9CAB3F0-9CD1-48A6-A763-FA9F07421729}.Release|ARM.Build.0 = Release|ARM
		{A9CAB3F0-9CD1-48A6-A763-FA9F07421729}.Release|ARM.Deploy.0 = Release|ARM
		{A9CAB3F0-9CD1-48A6-A763-FA9F07421729}.Release|x64.ActiveCfg = Release|x64
		{A9CAB3F0-9CD1-48A6-A763-FA9F07421729}.Release|x64.Build.0 = Release|x64
		{A9CAB3F0-9CD1-48A6-A763-FA9F07421729}.Release|x64.Deploy.0 = Release|x64
		{A9CAB3F0-9CD1-48A6-A763-FA9F07421729}.Release|x86.ActiveCfg = Release|x86
		{A9CAB3F0-9CD1-48A6-A763-FA9F07421729}.Release|x86.Build.0 = Release|x86
		{A9CAB3F0-9CD1-48A6-A763-FA9F07421729}.Release|x86.Deploy.0 = Release|x86
		{292F1BE7-4B29-450E-A0A1-7782939D19A9}.Debug|Any CPU.ActiveCfg = Debug|Any CPU
		{292F1BE7-4B29-450E-A0A1-7782939D19A9}.Debug|Any CPU.Build.0 = Debug|Any CPU
		{292F1BE7-4B29-450E-A0A1-7782939D19A9}.Debug|ARM.ActiveCfg = Debug|ARM
		{292F1BE7-4B29-450E-A0A1-7782939D19A9}.Debug|ARM.Build.0 = Debug|ARM
		{292F1BE7-4B29-450E-A0A1-7782939D19A9}.Debug|x64.ActiveCfg = Debug|x64
		{292F1BE7-4B29-450E-A0A1-7782939D19A9}.Debug|x64.Build.0 = Debug|x64
		{292F1BE7-4B29-450E-A0A1-7782939D19A9}.Debug|x86.ActiveCfg = Debug|x86
		{292F1BE7-4B29-450E-A0A1-7782939D19A9}.Debug|x86.Build.0 = Debug|x86
		{292F1BE7-4B29-450E-A0A1-7782939D19A9}.Release|Any CPU.ActiveCfg = Release|Any CPU
		{292F1BE7-4B29-450E-A0A1-7782939D19A9}.Release|Any CPU.Build.0 = Release|Any CPU
		{292F1BE7-4B29-450E-A0A1-7782939D19A9}.Release|ARM.ActiveCfg = Release|ARM
		{292F1BE7-4B29-450E-A0A1-7782939D19A9}.Release|ARM.Build.0 = Release|ARM
		{292F1BE7-4B29-450E-A0A1-7782939D19A9}.Release|x64.ActiveCfg = Release|x64
		{292F1BE7-4B29-450E-A0A1-7782939D19A9}.Release|x64.Build.0 = Release|x64
		{292F1BE7-4B29-450E-A0A1-7782939D19A9}.Release|x86.ActiveCfg = Release|x86
		{292F1BE7-4B29-450E-A0A1-7782939D19A9}.Release|x86.Build.0 = Release|x86
	EndGlobalSection
	GlobalSection(SolutionProperties) = preSolution
		HideSolutionNode = FALSE
	EndGlobalSection
	GlobalSection(NestedProjects) = preSolution
		{A9CAB3F0-9CD1-48A6-A763-FA9F07421729} = {06A08976-6A57-4820-9B2D-567B6DB78A33}
	EndGlobalSection
EndGlobal
